// !$*UTF8*$!
{
	archiveVersion = 1;
	classes = {
	};
	objectVersion = 46;
	objects = {

/* Begin PBXBuildFile section */
		D7E8FC741C104CB3005E908F /* main.m in Sources */ = {isa = PBXBuildFile; fileRef = D7E8FC731C104CB3005E908F /* main.m */; };
		D7E8FC771C104CB3005E908F /* AppDelegate.m in Sources */ = {isa = PBXBuildFile; fileRef = D7E8FC761C104CB3005E908F /* AppDelegate.m */; };
		D7E8FC7A1C104CB3005E908F /* ViewController.m in Sources */ = {isa = PBXBuildFile; fileRef = D7E8FC791C104CB3005E908F /* ViewController.m */; };
		D7E8FC7D1C104CB3005E908F /* Main.storyboard in Resources */ = {isa = PBXBuildFile; fileRef = D7E8FC7B1C104CB3005E908F /* Main.storyboard */; };
		D7E8FC7F1C104CB3005E908F /* Assets.xcassets in Resources */ = {isa = PBXBuildFile; fileRef = D7E8FC7E1C104CB3005E908F /* Assets.xcassets */; };
		D7E8FC821C104CB3005E908F /* LaunchScreen.storyboard in Resources */ = {isa = PBXBuildFile; fileRef = D7E8FC801C104CB3005E908F /* LaunchScreen.storyboard */; };
		D7E8FC8D1C104CB3005E908F /* XTZoomPictureTests.m in Sources */ = {isa = PBXBuildFile; fileRef = D7E8FC8C1C104CB3005E908F /* XTZoomPictureTests.m */; };
		D7E8FC981C104CB3005E908F /* XTZoomPictureUITests.m in Sources */ = {isa = PBXBuildFile; fileRef = D7E8FC971C104CB3005E908F /* XTZoomPictureUITests.m */; };
		D7E8FD801C159D34005E908F /* XTZoomPicture.m in Sources */ = {isa = PBXBuildFile; fileRef = D7E8FD7F1C159D34005E908F /* XTZoomPicture.m */; };
/* End PBXBuildFile section */

/* Begin PBXContainerItemProxy section */
		D7E8FC891C104CB3005E908F /* PBXContainerItemProxy */ = {
			isa = PBXContainerItemProxy;
			containerPortal = D7E8FC671C104CB3005E908F /* Project object */;
			proxyType = 1;
			remoteGlobalIDString = D7E8FC6E1C104CB3005E908F;
			remoteInfo = XTZoomPicture;
		};
		D7E8FC941C104CB3005E908F /* PBXContainerItemProxy */ = {
			isa = PBXContainerItemProxy;
			containerPortal = D7E8FC671C104CB3005E908F /* Project object */;
			proxyType = 1;
			remoteGlobalIDString = D7E8FC6E1C104CB3005E908F;
			remoteInfo = XTZoomPicture;
		};
/* End PBXContainerItemProxy section */

/* Begin PBXFileReference section */
		D7E8FC6F1C104CB3005E908F /* XTZoomPicture.app */ = {isa = PBXFileReference; explicitFileType = wrapper.application; includeInIndex = 0; path = XTZoomPicture.app; sourceTree = BUILT_PRODUCTS_DIR; };
		D7E8FC731C104CB3005E908F /* main.m */ = {isa = PBXFileReference; lastKnownFileType = sourcecode.c.objc; path = main.m; sourceTree = "<group>"; };
		D7E8FC751C104CB3005E908F /* AppDelegate.h */ = {isa = PBXFileReference; lastKnownFileType = sourcecode.c.h; path = AppDelegate.h; sourceTree = "<group>"; };
		D7E8FC761C104CB3005E908F /* AppDelegate.m */ = {isa = PBXFileReference; lastKnownFileType = sourcecode.c.objc; path = AppDelegate.m; sourceTree = "<group>"; };
		D7E8FC781C104CB3005E908F /* ViewController.h */ = {isa = PBXFileReference; lastKnownFileType = sourcecode.c.h; path = ViewController.h; sourceTree = "<group>"; };
		D7E8FC791C104CB3005E908F /* ViewController.m */ = {isa = PBXFileReference; lastKnownFileType = sourcecode.c.objc; path = ViewController.m; sourceTree = "<group>"; };
		D7E8FC7C1C104CB3005E908F /* Base */ = {isa = PBXFileReference; lastKnownFileType = file.storyboard; name = Base; path = Base.lproj/Main.storyboard; sourceTree = "<group>"; };
		D7E8FC7E1C104CB3005E908F /* Assets.xcassets */ = {isa = PBXFileReference; lastKnownFileType = folder.assetcatalog; path = Assets.xcassets; sourceTree = "<group>"; };
		D7E8FC811C104CB3005E908F /* Base */ = {isa = PBXFileReference; lastKnownFileType = file.storyboard; name = Base; path = Base.lproj/LaunchScreen.storyboard; sourceTree = "<group>"; };
		D7E8FC831C104CB3005E908F /* Info.plist */ = {isa = PBXFileReference; lastKnownFileType = text.plist.xml; path = Info.plist; sourceTree = "<group>"; };
		D7E8FC881C104CB3005E908F /* XTZoomPictureTests.xctest */ = {isa = PBXFileReference; explicitFileType = wrapper.cfbundle; includeInIndex = 0; path = XTZoomPictureTests.xctest; sourceTree = BUILT_PRODUCTS_DIR; };
		D7E8FC8C1C104CB3005E908F /* XTZoomPictureTests.m */ = {isa = PBXFileReference; lastKnownFileType = sourcecode.c.objc; path = XTZoomPictureTests.m; sourceTree = "<group>"; };
		D7E8FC8E1C104CB3005E908F /* Info.plist */ = {isa = PBXFileReference; lastKnownFileType = text.plist.xml; path = Info.plist; sourceTree = "<group>"; };
		D7E8FC931C104CB3005E908F /* XTZoomPictureUITests.xctest */ = {isa = PBXFileReference; explicitFileType = wrapper.cfbundle; includeInIndex = 0; path = XTZoomPictureUITests.xctest; sourceTree = BUILT_PRODUCTS_DIR; };
		D7E8FC971C104CB3005E908F /* XTZoomPictureUITests.m */ = {isa = PBXFileReference; lastKnownFileType = sourcecode.c.objc; path = XTZoomPictureUITests.m; sourceTree = "<group>"; };
		D7E8FC991C104CB3005E908F /* Info.plist */ = {isa = PBXFileReference; lastKnownFileType = text.plist.xml; path = Info.plist; sourceTree = "<group>"; };
		D7E8FD7E1C159D34005E908F /* XTZoomPicture.h */ = {isa = PBXFileReference; fileEncoding = 4; lastKnownFileType = sourcecode.c.h; path = XTZoomPicture.h; sourceTree = "<group>"; };
		D7E8FD7F1C159D34005E908F /* XTZoomPicture.m */ = {isa = PBXFileReference; fileEncoding = 4; lastKnownFileType = sourcecode.c.objc; path = XTZoomPicture.m; sourceTree = "<group>"; };
/* End PBXFileReference section */

/* Begin PBXFrameworksBuildPhase section */
		D7E8FC6C1C104CB3005E908F /* Frameworks */ = {
			isa = PBXFrameworksBuildPhase;
			buildActionMask = 2147483647;
			files = (
			);
			runOnlyForDeploymentPostprocessing = 0;
		};
		D7E8FC851C104CB3005E908F /* Frameworks */ = {
			isa = PBXFrameworksBuildPhase;
			buildActionMask = 2147483647;
			files = (
			);
			runOnlyForDeploymentPostprocessing = 0;
		};
		D7E8FC901C104CB3005E908F /* Frameworks */ = {
			isa = PBXFrameworksBuildPhase;
			buildActionMask = 2147483647;
			files = (
			);
			runOnlyForDeploymentPostprocessing = 0;
		};
/* End PBXFrameworksBuildPhase section */

/* Begin PBXGroup section */
		D7E8FC661C104CB3005E908F = {
			isa = PBXGroup;
			children = (
				D7E8FC711C104CB3005E908F /* XTZoomPicture */,
				D7E8FC8B1C104CB3005E908F /* XTZoomPictureTests */,
				D7E8FC961C104CB3005E908F /* XTZoomPictureUITests */,
				D7E8FC701C104CB3005E908F /* Products */,
			);
			sourceTree = "<group>";
		};
		D7E8FC701C104CB3005E908F /* Products */ = {
			isa = PBXGroup;
			children = (
				D7E8FC6F1C104CB3005E908F /* XTZoomPicture.app */,
				D7E8FC881C104CB3005E908F /* XTZoomPictureTests.xctest */,
				D7E8FC931C104CB3005E908F /* XTZoomPictureUITests.xctest */,
			);
			name = Products;
			sourceTree = "<group>";
		};
		D7E8FC711C104CB3005E908F /* XTZoomPicture */ = {
			isa = PBXGroup;
			children = (
				D7E8FC751C104CB3005E908F /* AppDelegate.h */,
				D7E8FC761C104CB3005E908F /* AppDelegate.m */,
				D7E8FC781C104CB3005E908F /* ViewController.h */,
				D7E8FC791C104CB3005E908F /* ViewController.m */,
				D7E8FD7D1C159D34005E908F /* XTZoomPicture */,
				D7E8FC7B1C104CB3005E908F /* Main.storyboard */,
				D7E8FC7E1C104CB3005E908F /* Assets.xcassets */,
				D7E8FC801C104CB3005E908F /* LaunchScreen.storyboard */,
				D7E8FC831C104CB3005E908F /* Info.plist */,
				D7E8FC721C104CB3005E908F /* Supporting Files */,
			);
			path = XTZoomPicture;
			sourceTree = "<group>";
		};
		D7E8FC721C104CB3005E908F /* Supporting Files */ = {
			isa = PBXGroup;
			children = (
				D7E8FC731C104CB3005E908F /* main.m */,
			);
			name = "Supporting Files";
			sourceTree = "<group>";
		};
		D7E8FC8B1C104CB3005E908F /* XTZoomPictureTests */ = {
			isa = PBXGroup;
			children = (
				D7E8FC8C1C104CB3005E908F /* XTZoomPictureTests.m */,
				D7E8FC8E1C104CB3005E908F /* Info.plist */,
			);
			path = XTZoomPictureTests;
			sourceTree = "<group>";
		};
		D7E8FC961C104CB3005E908F /* XTZoomPictureUITests */ = {
			isa = PBXGroup;
			children = (
				D7E8FC971C104CB3005E908F /* XTZoomPictureUITests.m */,
				D7E8FC991C104CB3005E908F /* Info.plist */,
			);
			path = XTZoomPictureUITests;
			sourceTree = "<group>";
		};
		D7E8FD7D1C159D34005E908F /* XTZoomPicture */ = {
			isa = PBXGroup;
			children = (
				D7E8FD7E1C159D34005E908F /* XTZoomPicture.h */,
				D7E8FD7F1C159D34005E908F /* XTZoomPicture.m */,
			);
			path = XTZoomPicture;
			sourceTree = "<group>";
		};
/* End PBXGroup section */

/* Begin PBXNativeTarget section */
		D7E8FC6E1C104CB3005E908F /* XTZoomPicture */ = {
			isa = PBXNativeTarget;
			buildConfigurationList = D7E8FC9C1C104CB3005E908F /* Build configuration list for PBXNativeTarget "XTZoomPicture" */;
			buildPhases = (
				D7E8FC6B1C104CB3005E908F /* Sources */,
				D7E8FC6C1C104CB3005E908F /* Frameworks */,
				D7E8FC6D1C104CB3005E908F /* Resources */,
			);
			buildRules = (
			);
			dependencies = (
			);
			name = XTZoomPicture;
			productName = XTZoomPicture;
			productReference = D7E8FC6F1C104CB3005E908F /* XTZoomPicture.app */;
			productType = "com.apple.product-type.application";
		};
		D7E8FC871C104CB3005E908F /* XTZoomPictureTests */ = {
			isa = PBXNativeTarget;
			buildConfigurationList = D7E8FC9F1C104CB3005E908F /* Build configuration list for PBXNativeTarget "XTZoomPictureTests" */;
			buildPhases = (
				D7E8FC841C104CB3005E908F /* Sources */,
				D7E8FC851C104CB3005E908F /* Frameworks */,
				D7E8FC861C104CB3005E908F /* Resources */,
			);
			buildRules = (
			);
			dependencies = (
				D7E8FC8A1C104CB3005E908F /* PBXTargetDependency */,
			);
			name = XTZoomPictureTests;
			productName = XTZoomPictureTests;
			productReference = D7E8FC881C104CB3005E908F /* XTZoomPictureTests.xctest */;
			productType = "com.apple.product-type.bundle.unit-test";
		};
		D7E8FC921C104CB3005E908F /* XTZoomPictureUITests */ = {
			isa = PBXNativeTarget;
			buildConfigurationList = D7E8FCA21C104CB3005E908F /* Build configuration list for PBXNativeTarget "XTZoomPictureUITests" */;
			buildPhases = (
				D7E8FC8F1C104CB3005E908F /* Sources */,
				D7E8FC901C104CB3005E908F /* Frameworks */,
				D7E8FC911C104CB3005E908F /* Resources */,
			);
			buildRules = (
			);
			dependencies = (
				D7E8FC951C104CB3005E908F /* PBXTargetDependency */,
			);
			name = XTZoomPictureUITests;
			productName = XTZoomPictureUITests;
			productReference = D7E8FC931C104CB3005E908F /* XTZoomPictureUITests.xctest */;
			productType = "com.apple.product-type.bundle.ui-testing";
		};
/* End PBXNativeTarget section */

/* Begin PBXProject section */
		D7E8FC671C104CB3005E908F /* Project object */ = {
			isa = PBXProject;
			attributes = {
				LastUpgradeCheck = 0710;
				ORGANIZATIONNAME = teason;
				TargetAttributes = {
					D7E8FC6E1C104CB3005E908F = {
						CreatedOnToolsVersion = 7.1;
					};
					D7E8FC871C104CB3005E908F = {
						CreatedOnToolsVersion = 7.1;
						TestTargetID = D7E8FC6E1C104CB3005E908F;
					};
					D7E8FC921C104CB3005E908F = {
						CreatedOnToolsVersion = 7.1;
						TestTargetID = D7E8FC6E1C104CB3005E908F;
					};
				};
			};
			buildConfigurationList = D7E8FC6A1C104CB3005E908F /* Build configuration list for PBXProject "XTZoomPicture" */;
			compatibilityVersion = "Xcode 3.2";
			developmentRegion = English;
			hasScannedForEncodings = 0;
			knownRegions = (
				en,
				Base,
			);
			mainGroup = D7E8FC661C104CB3005E908F;
			productRefGroup = D7E8FC701C104CB3005E908F /* Products */;
			projectDirPath = "";
			projectRoot = "";
			targets = (
				D7E8FC6E1C104CB3005E908F /* XTZoomPicture */,
				D7E8FC871C104CB3005E908F /* XTZoomPictureTests */,
				D7E8FC921C104CB3005E908F /* XTZoomPictureUITests */,
			);
		};
/* End PBXProject section */

/* Begin PBXResourcesBuildPhase section */
		D7E8FC6D1C104CB3005E908F /* Resources */ = {
			isa = PBXResourcesBuildPhase;
			buildActionMask = 2147483647;
			files = (
				D7E8FC821C104CB3005E908F /* LaunchScreen.storyboard in Resources */,
				D7E8FC7F1C104CB3005E908F /* Assets.xcassets in Resources */,
				D7E8FC7D1C104CB3005E908F /* Main.storyboard in Resources */,
			);
			runOnlyForDeploymentPostprocessing = 0;
		};
		D7E8FC861C104CB3005E908F /* Resources */ = {
			isa = PBXResourcesBuildPhase;
			buildActionMask = 2147483647;
			files = (
			);
			runOnlyForDeploymentPostprocessing = 0;
		};
		D7E8FC911C104CB3005E908F /* Resources */ = {
			isa = PBXResourcesBuildPhase;
			buildActionMask = 2147483647;
			files = (
			);
			runOnlyForDeploymentPostprocessing = 0;
		};
/* End PBXResourcesBuildPhase section */

/* Begin PBXSourcesBuildPhase section */
		D7E8FC6B1C104CB3005E908F /* Sources */ = {
			isa = PBXSourcesBuildPhase;
			buildActionMask = 2147483647;
			files = (
				D7E8FC7A1C104CB3005E908F /* ViewController.m in Sources */,
				D7E8FC771C104CB3005E908F /* AppDelegate.m in Sources */,
				D7E8FC741C104CB3005E908F /* main.m in Sources */,
				D7E8FD801C159D34005E908F /* XTZoomPicture.m in Sources */,
			);
			runOnlyForDeploymentPostprocessing = 0;
		};
		D7E8FC841C104CB3005E908F /* Sources */ = {
			isa = PBXSourcesBuildPhase;
			buildActionMask = 2147483647;
			files = (
				D7E8FC8D1C104CB3005E908F /* XTZoomPictureTests.m in Sources */,
			);
			runOnlyForDeploymentPostprocessing = 0;
		};
		D7E8FC8F1C104CB3005E908F /* Sources */ = {
			isa = PBXSourcesBuildPhase;
			buildActionMask = 2147483647;
			files = (
				D7E8FC981C104CB3005E908F /* XTZoomPictureUITests.m in Sources */,
			);
			runOnlyForDeploymentPostprocessing = 0;
		};
/* End PBXSourcesBuildPhase section */

/* Begin PBXTargetDependency section */
		D7E8FC8A1C104CB3005E908F /* PBXTargetDependency */ = {
			isa = PBXTargetDependency;
			target = D7E8FC6E1C104CB3005E908F /* XTZoomPicture */;
			targetProxy = D7E8FC891C104CB3005E908F /* PBXContainerItemProxy */;
		};
		D7E8FC951C104CB3005E908F /* PBXTargetDependency */ = {
			isa = PBXTargetDependency;
			target = D7E8FC6E1C104CB3005E908F /* XTZoomPicture */;
			targetProxy = D7E8FC941C104CB3005E908F /* PBXContainerItemProxy */;
		};
/* End PBXTargetDependency section */

/* Begin PBXVariantGroup section */
		D7E8FC7B1C104CB3005E908F /* Main.storyboard */ = {
			isa = PBXVariantGroup;
			children = (
				D7E8FC7C1C104CB3005E908F /* Base */,
			);
			name = Main.storyboard;
			sourceTree = "<group>";
		};
		D7E8FC801C104CB3005E908F /* LaunchScreen.storyboard */ = {
			isa = PBXVariantGroup;
			children = (
				D7E8FC811C104CB3005E908F /* Base */,
			);
			name = LaunchScreen.storyboard;
			sourceTree = "<group>";
		};
/* End PBXVariantGroup section */

/* Begin XCBuildConfiguration section */
		D7E8FC9A1C104CB3005E908F /* Debug */ = {
			isa = XCBuildConfiguration;
			buildSettings = {
				ALWAYS_SEARCH_USER_PATHS = NO;
				CLANG_CXX_LANGUAGE_STANDARD = "gnu++0x";
				CLANG_CXX_LIBRARY = "libc++";
				CLANG_ENABLE_MODULES = YES;
				CLANG_ENABLE_OBJC_ARC = YES;
				CLANG_WARN_BOOL_CONVERSION = YES;
				CLANG_WARN_CONSTANT_CONVERSION = YES;
				CLANG_WARN_DIRECT_OBJC_ISA_USAGE = YES_ERROR;
				CLANG_WARN_EMPTY_BODY = YES;
				CLANG_WARN_ENUM_CONVERSION = YES;
				CLANG_WARN_INT_CONVERSION = YES;
				CLANG_WARN_OBJC_ROOT_CLASS = YES_ERROR;
				CLANG_WARN_UNREACHABLE_CODE = YES;
				CLANG_WARN__DUPLICATE_METHOD_MATCH = YES;
				"CODE_SIGN_IDENTITY[sdk=iphoneos*]" = "iPhone Developer";
				COPY_PHASE_STRIP = NO;
				DEBUG_INFORMATION_FORMAT = dwarf;
				ENABLE_STRICT_OBJC_MSGSEND = YES;
				ENABLE_TESTABILITY = YES;
				GCC_C_LANGUAGE_STANDARD = gnu99;
				GCC_DYNAMIC_NO_PIC = NO;
				GCC_NO_COMMON_BLOCKS = YES;
				GCC_OPTIMIZATION_LEVEL = 0;
				GCC_PREPROCESSOR_DEFINITIONS = (
					"DEBUG=1",
					"$(inherited)",
				);
				GCC_WARN_64_TO_32_BIT_CONVERSION = YES;
				GCC_WARN_ABOUT_RETURN_TYPE = YES_ERROR;
				GCC_WARN_UNDECLARED_SELECTOR = YES;
				GCC_WARN_UNINITIALIZED_AUTOS = YES_AGGRESSIVE;
				GCC_WARN_UNUSED_FUNCTION = YES;
				GCC_WARN_UNUSED_VARIABLE = YES;
				IPHONEOS_DEPLOYMENT_TARGET = 9.1;
				MTL_ENABLE_DEBUG_INFO = YES;
				ONLY_ACTIVE_ARCH = YES;
				SDKROOT = iphoneos;
				TARGETED_DEVICE_FAMILY = "1,2";
			};
			name = Debug;
		};
		D7E8FC9B1C104CB3005E908F /* Release */ = {
			isa = XCBuildConfiguration;
			buildSettings = {
				ALWAYS_SEARCH_USER_PATHS = NO;
				CLANG_CXX_LANGUAGE_STANDARD = "gnu++0x";
				CLANG_CXX_LIBRARY = "libc++";
				CLANG_ENABLE_MODULES = YES;
				CLANG_ENABLE_OBJC_ARC = YES;
				CLANG_WARN_BOOL_CONVERSION = YES;
				CLANG_WARN_CONSTANT_CONVERSION = YES;
				CLANG_WARN_DIRECT_OBJC_ISA_USAGE = YES_ERROR;
				CLANG_WARN_EMPTY_BODY = YES;
				CLANG_WARN_ENUM_CONVERSION = YES;
				CLANG_WARN_INT_CONVERSION = YES;
				CLANG_WARN_OBJC_ROOT_CLASS = YES_ERROR;
				CLANG_WARN_UNREACHABLE_CODE = YES;
				CLANG_WARN__DUPLICATE_METHOD_MATCH = YES;
				"CODE_SIGN_IDENTITY[sdk=iphoneos*]" = "iPhone Developer";
				COPY_PHASE_STRIP = NO;
				DEBUG_INFORMATION_FORMAT = "dwarf-with-dsym";
				ENABLE_NS_ASSERTIONS = NO;
				ENABLE_STRICT_OBJC_MSGSEND = YES;
				GCC_C_LANGUAGE_STANDARD = gnu99;
				GCC_NO_COMMON_BLOCKS = YES;
				GCC_WARN_64_TO_32_BIT_CONVERSION = YES;
				GCC_WARN_ABOUT_RETURN_TYPE = YES_ERROR;
				GCC_WARN_UNDECLARED_SELECTOR = YES;
				GCC_WARN_UNINITIALIZED_AUTOS = YES_AGGRESSIVE;
				GCC_WARN_UNUSED_FUNCTION = YES;
				GCC_WARN_UNUSED_VARIABLE = YES;
				IPHONEOS_DEPLOYMENT_TARGET = 9.1;
				MTL_ENABLE_DEBUG_INFO = NO;
				SDKROOT = iphoneos;
				TARGETED_DEVICE_FAMILY = "1,2";
				VALIDATE_PRODUCT = YES;
			};
			name = Release;
		};
		D7E8FC9D1C104CB3005E908F /* Debug */ = {
			isa = XCBuildConfiguration;
			buildSettings = {
				ASSETCATALOG_COMPILER_APPICON_NAME = AppIcon;
				INFOPLIST_FILE = XTZoomPicture/Info.plist;
				LD_RUNPATH_SEARCH_PATHS = "$(inherited) @executable_path/Frameworks";
				PRODUCT_BUNDLE_IDENTIFIER = com.teason.XTZoomPicture;
				PRODUCT_NAME = "$(TARGET_NAME)";
			};
			name = Debug;
		};
		D7E8FC9E1C104CB3005E908F /* Release */ = {
			isa = XCBuildConfiguration;
			buildSettings = {
				ASSETCATALOG_COMPILER_APPICON_NAME = AppIcon;
				INFOPLIST_FILE = XTZoomPicture/Info.plist;
				LD_RUNPATH_SEARCH_PATHS = "$(inherited) @executable_path/Frameworks";
				PRODUCT_BUNDLE_IDENTIFIER = com.teason.XTZoomPicture;
				PRODUCT_NAME = "$(TARGET_NAME)";
			};
			name = Release;
		};
		D7E8FCA01C104CB3005E908F /* Debug */ = {
			isa = XCBuildConfiguration;
			buildSettings = {
				BUNDLE_LOADER = "$(TEST_HOST)";
				INFOPLIST_FILE = XTZoomPictureTests/Info.plist;
				LD_RUNPATH_SEARCH_PATHS = "$(inherited) @executable_path/Frameworks @loader_path/Frameworks";
				PRODUCT_BUNDLE_IDENTIFIER = com.teason.XTZoomPictureTests;
				PRODUCT_NAME = "$(TARGET_NAME)";
				TEST_HOST = "$(BUILT_PRODUCTS_DIR)/XTZoomPicture.app/XTZoomPicture";
			};
			name = Debug;
		};
		D7E8FCA11C104CB3005E908F /* Release */ = {
			isa = XCBuildConfiguration;
			buildSettings = {
				BUNDLE_LOADER = "$(TEST_HOST)";
				INFOPLIST_FILE = XTZoomPictureTests/Info.plist;
				LD_RUNPATH_SEARCH_PATHS = "$(inherited) @executable_path/Frameworks @loader_path/Frameworks";
				PRODUCT_BUNDLE_IDENTIFIER = com.teason.XTZoomPictureTests;
				PRODUCT_NAME = "$(TARGET_NAME)";
				TEST_HOST = "$(BUILT_PRODUCTS_DIR)/XTZoomPicture.app/XTZoomPicture";
			};
			name = Release;
		};
		D7E8FCA31C104CB3005E908F /* Debug */ = {
			isa = XCBuildConfiguration;
			buildSettings = {
				INFOPLIST_FILE = XTZoomPictureUITests/Info.plist;
				LD_RUNPATH_SEARCH_PATHS = "$(inherited) @executable_path/Frameworks @loader_path/Frameworks";
				PRODUCT_BUNDLE_IDENTIFIER = com.teason.XTZoomPictureUITests;
				PRODUCT_NAME = "$(TARGET_NAME)";
				TEST_TARGET_NAME = XTZoomPicture;
				USES_XCTRUNNER = YES;
			};
			name = Debug;
		};
		D7E8FCA41C104CB3005E908F /* Release */ = {
			isa = XCBuildConfiguration;
			buildSettings = {
				INFOPLIST_FILE = XTZoomPictureUITests/Info.plist;
				LD_RUNPATH_SEARCH_PATHS = "$(inherited) @executable_path/Frameworks @loader_path/Frameworks";
				PRODUCT_BUNDLE_IDENTIFIER = com.teason.XTZoomPictureUITests;
				PRODUCT_NAME = "$(TARGET_NAME)";
				TEST_TARGET_NAME = XTZoomPicture;
				USES_XCTRUNNER = YES;
			};
			name = Release;
		};
/* End XCBuildConfiguration section */

/* Begin XCConfigurationList section */
		D7E8FC6A1C104CB3005E908F /* Build configuration list for PBXProject "XTZoomPicture" */ = {
			isa = XCConfigurationList;
			buildConfigurations = (
				D7E8FC9A1C104CB3005E908F /* Debug */,
				D7E8FC9B1C104CB3005E908F /* Release */,
			);
			defaultConfigurationIsVisible = 0;
			defaultConfigurationName = Release;
		};
		D7E8FC9C1C104CB3005E908F /* Build configuration list for PBXNativeTarget "XTZoomPicture" */ = {
			isa = XCConfigurationList;
			buildConfigurations = (
				D7E8FC9D1C104CB3005E908F /* Debug */,
				D7E8FC9E1C104CB3005E908F /* Release */,
			);
			defaultConfigurationIsVisible = 0;
		};
		D7E8FC9F1C104CB3005E908F /* Build configuration list for PBXNativeTarget "XTZoomPictureTests" */ = {
			isa = XCConfigurationList;
			buildConfigurations = (
				D7E8FCA01C104CB3005E908F /* Debug */,
				D7E8FCA11C104CB3005E908F /* Release */,
			);
			defaultConfigurationIsVisible = 0;
		};
		D7E8FCA21C104CB3005E908F /* Build configuration list for PBXNativeTarget "XTZoomPictureUITests" */ = {
			isa = XCConfigurationList;
			buildConfigurations = (
				D7E8FCA31C104CB3005E908F /* Debug */,
				D7E8FCA41C104CB3005E908F /* Release */,
			);
			defaultConfigurationIsVisible = 0;
		};
/* End XCConfigurationList section */
	};
	rootObject = D7E8FC671C104CB3005E908F /* Project object */;
}
